
Microsoft Visual Studio Solution File, Format Version 12.00
# Visual Studio Version 16
VisualStudioVersion = 16.0.29123.88
MinimumVisualStudioVersion = 10.0.40219.1
Project("{888888A0-9F3D-457C-B088-3A5042F75D52}") = "YamlReader", "YamlReader\YamlReader.pyproj", "{42879096-E314-430C-8D71-BBDF463EC2DD}"
EndProject
Global
	GlobalSection(SolutionConfigurationPlatforms) = preSolution
		Debug|Any CPU = Debug|Any CPU
		Release|Any CPU = Release|Any CPU
	EndGlobalSection
	GlobalSection(ProjectConfigurationPlatforms) = postSolution
		{42879096-E314-430C-8D71-BBDF463EC2DD}.Debug|Any CPU.ActiveCfg = Debug|Any CPU
		{42879096-E314-430C-8D71-BBDF463EC2DD}.Release|Any CPU.ActiveCfg = Release|Any CPU
	EndGlobalSection
	GlobalSection(SolutionProperties) = preSolution
		HideSolutionNode = FALSE
	EndGlobalSection
	GlobalSection(ExtensibilityGlobals) = postSolution
		SolutionGuid = {C4E39570-7101-4F01-959F-E068236176AA}
	EndGlobalSection
EndGlobal
